Microsoft Visual Studio Solution File, Format Version 12.00
# Visual Studio Version 17
VisualStudioVersion = 17.13.35919.96
MinimumVisualStudioVersion = 10.0.40219.1
Project("{8BC9CEB8-8B4A-11D0-8D11-00A0C91BC942}") = "Calculator", "Calculator\Calculator.vcxproj", "{45962F74-085D-439C-A888-5399A74AA626}"
EndProject
Project("{8BC9CEB8-8B4A-11D0-8D11-00A0C91BC942}") = "CalculatorTestSuite", "CalculatorTestSuite\CalculatorTestSuite.vcxproj", "{CB5D8AC4-BE4F-4EE3-90E9-55D56159C010}"
EndProject
Global
	GlobalSection(SolutionConfigurationPlatforms) = preSolution
		Debug|x64 = Debug|x64
		Debug|x86 = Debug|x86
		Release|x64 = Release|x64
		Release|x86 = Release|x86
	EndGlobalSection
	GlobalSection(ProjectConfigurationPlatforms) = postSolution
		{45962F74-085D-439C-A888-5399A74AA626}.Debug|x64.ActiveCfg = Debug|x64
		{45962F74-085D-439C-A888-5399A74AA626}.Debug|x64.Build.0 = Debug|x64
		{45962F74-085D-439C-A888-5399A74AA626}.Debug|x86.ActiveCfg = Debug|Win32
		{45962F74-085D-439C-A888-5399A74AA626}.Debug|x86.Build.0 = Debug|Win32
		{45962F74-085D-439C-A888-5399A74AA626}.Release|x64.ActiveCfg = Release|x64
		{45962F74-085D-439C-A888-5399A74AA626}.Release|x64.Build.0 = Release|x64
		{45962F74-085D-439C-A888-5399A74AA626}.Release|x86.ActiveCfg = Release|Win32
		{45962F74-085D-439C-A888-5399A74AA626}.Release|x86.Build.0 = Release|Win32
		{CB5D8AC4-BE4F-4EE3-90E9-55D56159C010}.Debug|x64.ActiveCfg = Debug|x64
		{CB5D8AC4-BE4F-4EE3-90E9-55D56159C010}.Debug|x64.Build.0 = Debug|x64
		{CB5D8AC4-BE4F-4EE3-90E9-55D56159C010}.Debug|x86.ActiveCfg = Debug|Win32
		{CB5D8AC4-BE4F-4EE3-90E9-55D56159C010}.Debug|x86.Build.0 = Debug|Win32
		{CB5D8AC4-BE4F-4EE3-90E9-55D56159C010}.Release|x64.ActiveCfg = Release|x64
		{CB5D8AC4-BE4F-4EE3-90E9-55D56159C010}.Release|x64.Build.0 = Release|x64
		{CB5D8AC4-BE4F-4EE3-90E9-55D56159C010}.Release|x86.ActiveCfg = Release|Win32
		{CB5D8AC4-BE4F-4EE3-90E9-55D56159C010}.Release|x86.Build.0 = Release|Win32
	EndGlobalSection
	GlobalSection(SolutionProperties) = preSolution
		HideSolutionNode = FALSE
	EndGlobalSection
	GlobalSection(ExtensibilityGlobals) = postSolution
		SolutionGuid = {C6C14DAC-E1CA-456E-BEAD-60FDF5BE7D51}
	EndGlobalSection
EndGlobal
